
Microsoft Visual Studio Solution File, Format Version 12.00
# Visual Studio Version 16
VisualStudioVersion = 16.0.808.6
MinimumVisualStudioVersion = 10.0.40219.1
Project("{FAE04EC0-301F-11D3-BF4B-00C04F79EFBC}") = "TestTaskAsync", "TestTaskAsync\TestTaskAsync.csproj", "{8BF8A00D-EA35-433F-BF44-3058853CF063}"
EndProject
Global
	GlobalSection(SolutionConfigurationPlatforms) = preSolution
		Debug|Any CPU = Debug|Any CPU
		Release|Any CPU = Release|Any CPU
	EndGlobalSection
	GlobalSection(ProjectConfigurationPlatforms) = postSolution
		{8BF8A00D-EA35-433F-BF44-3058853CF063}.Debug|Any CPU.ActiveCfg = Debug|Any CPU
		{8BF8A00D-EA35-433F-BF44-3058853CF063}.Debug|Any CPU.Build.0 = Debug|Any CPU
		{8BF8A00D-EA35-433F-BF44-3058853CF063}.Release|Any CPU.ActiveCfg = Release|Any CPU
		{8BF8A00D-EA35-433F-BF44-3058853CF063}.Release|Any CPU.Build.0 = Release|Any CPU
	EndGlobalSection
	GlobalSection(SolutionProperties) = preSolution
		HideSolutionNode = FALSE
	EndGlobalSection
	GlobalSection(ExtensibilityGlobals) = postSolution
		SolutionGuid = {DA77C50C-93E6-4168-9B9F-5DE1BD86F5B5}
	EndGlobalSection
EndGlobal
